
Microsoft Visual Studio Solution File, Format Version 10.00
# Visual C++ Express 2008
Project("{8BC9CEB8-8B4A-11D0-8D11-00A0C91BC942}") = "fwnt_test_access_control_entry", "fwnt_test_access_control_entry\fwnt_test_access_control_entry.vcproj", "{727010D5-B76E-431D-9283-6141FEB68BD7}"
	ProjectSection(ProjectDependencies) = postProject
		{A643F7B5-DCC2-4D9D-A424-DABD357F9DCA} = {A643F7B5-DCC2-4D9D-A424-DABD357F9DCA}
		{BD3A95FA-A3DE-4B79-A889-A7E5ECA4B69C} = {BD3A95FA-A3DE-4B79-A889-A7E5ECA4B69C}
	EndProjectSection
EndProject
Project("{8BC9CEB8-8B4A-11D0-8D11-00A0C91BC942}") = "fwnt_test_access_control_list", "fwnt_test_access_control_list\fwnt_test_access_control_list.vcproj", "{D22B01DA-E92E-450F-ABD1-15277513D5CF}"
	ProjectSection(ProjectDependencies) = postProject
		{A643F7B5-DCC2-4D9D-A424-DABD357F9DCA} = {A643F7B5-DCC2-4D9D-A424-DABD357F9DCA}
		{BD3A95FA-A3DE-4B79-A889-A7E5ECA4B69C} = {BD3A95FA-A3DE-4B79-A889-A7E5ECA4B69C}
	EndProjectSection
EndProject
Project("{8BC9CEB8-8B4A-11D0-8D11-00A0C91BC942}") = "fwnt_test_bit_stream", "fwnt_test_bit_stream\fwnt_test_bit_stream.vcproj", "{CF93E173-67B5-40DF-A7D7-AEFAC4C3ADAB}"
	ProjectSection(ProjectDependencies) = postProject
		{A643F7B5-DCC2-4D9D-A424-DABD357F9DCA} = {A643F7B5-DCC2-4D9D-A424-DABD357F9DCA}
		{BD3A95FA-A3DE-4B79-A889-A7E5ECA4B69C} = {BD3A95FA-A3DE-4B79-A889-A7E5ECA4B69C}
	EndProjectSection
EndProject
Project("{8BC9CEB8-8B4A-11D0-8D11-00A0C91BC942}") = "fwnt_test_error", "fwnt_test_error\fwnt_test_error.vcproj", "{3D788BD0-5658-47C1-BCFE-27E6D54204A9}"
	ProjectSection(ProjectDependencies) = postProject
		{A643F7B5-DCC2-4D9D-A424-DABD357F9DCA} = {A643F7B5-DCC2-4D9D-A424-DABD357F9DCA}
	EndProjectSection
EndProject
Project("{8BC9CEB8-8B4A-11D0-8D11-00A0C91BC942}") = "fwnt_test_huffman_tree", "fwnt_test_huffman_tree\fwnt_test_huffman_tree.vcproj", "{628A618C-0676-4147-97C8-9B0D2E139402}"
	ProjectSection(ProjectDependencies) = postProject
		{A643F7B5-DCC2-4D9D-A424-DABD357F9DCA} = {A643F7B5-DCC2-4D9D-A424-DABD357F9DCA}
		{BD3A95FA-A3DE-4B79-A889-A7E5ECA4B69C} = {BD3A95FA-A3DE-4B79-A889-A7E5ECA4B69C}
	EndProjectSection
EndProject
Project("{8BC9CEB8-8B4A-11D0-8D11-00A0C91BC942}") = "fwnt_test_lznt1", "fwnt_test_lznt1\fwnt_test_lznt1.vcproj", "{EAD946E7-E740-4FFE-BAAA-70910816401C}"
	ProjectSection(ProjectDependencies) = postProject
		{A643F7B5-DCC2-4D9D-A424-DABD357F9DCA} = {A643F7B5-DCC2-4D9D-A424-DABD357F9DCA}
		{5304AD69-D449-4589-B2C9-E4607E56A51D} = {5304AD69-D449-4589-B2C9-E4607E56A51D}
		{BD3A95FA-A3DE-4B79-A889-A7E5ECA4B69C} = {BD3A95FA-A3DE-4B79-A889-A7E5ECA4B69C}
	EndProjectSection
EndProject
Project("{8BC9CEB8-8B4A-11D0-8D11-00A0C91BC942}") = "fwnt_test_lzx", "fwnt_test_lzx\fwnt_test_lzx.vcproj", "{C4249011-7905-4507-B391-27DED15CEB92}"
	ProjectSection(ProjectDependencies) = postProject
		{A643F7B5-DCC2-4D9D-A424-DABD357F9DCA} = {A643F7B5-DCC2-4D9D-A424-DABD357F9DCA}
		{5304AD69-D449-4589-B2C9-E4607E56A51D} = {5304AD69-D449-4589-B2C9-E4607E56A51D}
		{BD3A95FA-A3DE-4B79-A889-A7E5ECA4B69C} = {BD3A95FA-A3DE-4B79-A889-A7E5ECA4B69C}
	EndProjectSection
EndProject
Project("{8BC9CEB8-8B4A-11D0-8D11-00A0C91BC942}") = "fwnt_test_lzxpress", "fwnt_test_lzxpress\fwnt_test_lzxpress.vcproj", "{9E02099F-A54D-4A2D-9E73-92234F60EC8D}"
	ProjectSection(ProjectDependencies) = postProject
		{A643F7B5-DCC2-4D9D-A424-DABD357F9DCA} = {A643F7B5-DCC2-4D9D-A424-DABD357F9DCA}
		{5304AD69-D449-4589-B2C9-E4607E56A51D} = {5304AD69-D449-4589-B2C9-E4607E56A51D}
		{BD3A95FA-A3DE-4B79-A889-A7E5ECA4B69C} = {BD3A95FA-A3DE-4B79-A889-A7E5ECA4B69C}
	EndProjectSection
EndProject
Project("{8BC9CEB8-8B4A-11D0-8D11-00A0C91BC942}") = "fwnt_test_security_descriptor", "fwnt_test_security_descriptor\fwnt_test_security_descriptor.vcproj", "{8C0F2FED-FAE3-40AB-8203-7326C6B09AE4}"
	ProjectSection(ProjectDependencies) = postProject
		{A643F7B5-DCC2-4D9D-A424-DABD357F9DCA} = {A643F7B5-DCC2-4D9D-A424-DABD357F9DCA}
		{BD3A95FA-A3DE-4B79-A889-A7E5ECA4B69C} = {BD3A95FA-A3DE-4B79-A889-A7E5ECA4B69C}
	EndProjectSection
EndProject
Project("{8BC9CEB8-8B4A-11D0-8D11-00A0C91BC942}") = "fwnt_test_security_identifier", "fwnt_test_security_identifier\fwnt_test_security_identifier.vcproj", "{5D14A80B-32AE-44F7-ABB2-BD4FDA81FB91}"
	ProjectSection(ProjectDependencies) = postProject
		{A643F7B5-DCC2-4D9D-A424-DABD357F9DCA} = {A643F7B5-DCC2-4D9D-A424-DABD357F9DCA}
		{BD3A95FA-A3DE-4B79-A889-A7E5ECA4B69C} = {BD3A95FA-A3DE-4B79-A889-A7E5ECA4B69C}
	EndProjectSection
EndProject
Project("{8BC9CEB8-8B4A-11D0-8D11-00A0C91BC942}") = "fwnt_test_support", "fwnt_test_support\fwnt_test_support.vcproj", "{F325A867-545C-4B6C-BB33-0BD696431DA4}"
	ProjectSection(ProjectDependencies) = postProject
		{A643F7B5-DCC2-4D9D-A424-DABD357F9DCA} = {A643F7B5-DCC2-4D9D-A424-DABD357F9DCA}
	EndProjectSection
EndProject
Project("{8BC9CEB8-8B4A-11D0-8D11-00A0C91BC942}") = "libfwnt", "libfwnt\libfwnt.vcproj", "{A643F7B5-DCC2-4D9D-A424-DABD357F9DCA}"
	ProjectSection(ProjectDependencies) = postProject
		{BD3A95FA-A3DE-4B79-A889-A7E5ECA4B69C} = {BD3A95FA-A3DE-4B79-A889-A7E5ECA4B69C}
		{8AFAA2C6-E025-4B45-B96F-A27D04C6115A} = {8AFAA2C6-E025-4B45-B96F-A27D04C6115A}
		{B9332DC8-7594-47DF-80C1-38922E0F4DFB} = {B9332DC8-7594-47DF-80C1-38922E0F4DFB}
		{5304AD69-D449-4589-B2C9-E4607E56A51D} = {5304AD69-D449-4589-B2C9-E4607E56A51D}
	EndProjectSection
EndProject
Project("{8BC9CEB8-8B4A-11D0-8D11-00A0C91BC942}") = "libcthreads", "libcthreads\libcthreads.vcproj", "{8AFAA2C6-E025-4B45-B96F-A27D04C6115A}"
	ProjectSection(ProjectDependencies) = postProject
		{BD3A95FA-A3DE-4B79-A889-A7E5ECA4B69C} = {BD3A95FA-A3DE-4B79-A889-A7E5ECA4B69C}
	EndProjectSection
EndProject
Project("{8BC9CEB8-8B4A-11D0-8D11-00A0C91BC942}") = "libcerror", "libcerror\libcerror.vcproj", "{BD3A95FA-A3DE-4B79-A889-A7E5ECA4B69C}"
EndProject
Project("{8BC9CEB8-8B4A-11D0-8D11-00A0C91BC942}") = "libcnotify", "libcnotify\libcnotify.vcproj", "{5304AD69-D449-4589-B2C9-E4607E56A51D}"
	ProjectSection(ProjectDependencies) = postProject
		{BD3A95FA-A3DE-4B79-A889-A7E5ECA4B69C} = {BD3A95FA-A3DE-4B79-A889-A7E5ECA4B69C}
	EndProjectSection
EndProject
Project("{8BC9CEB8-8B4A-11D0-8D11-00A0C91BC942}") = "libcdata", "libcdata\libcdata.vcproj", "{B9332DC8-7594-47DF-80C1-38922E0F4DFB}"
	ProjectSection(ProjectDependencies) = postProject
		{BD3A95FA-A3DE-4B79-A889-A7E5ECA4B69C} = {BD3A95FA-A3DE-4B79-A889-A7E5ECA4B69C}
		{8AFAA2C6-E025-4B45-B96F-A27D04C6115A} = {8AFAA2C6-E025-4B45-B96F-A27D04C6115A}
	EndProjectSection
EndProject
Project("{8BC9CEB8-8B4A-11D0-8D11-00A0C91BC942}") = "pyfwnt", "pyfwnt\pyfwnt.vcproj", "{C5D54B9E-4DF8-44FC-80BC-42CC25679614}"
	ProjectSection(ProjectDependencies) = postProject
		{BD3A95FA-A3DE-4B79-A889-A7E5ECA4B69C} = {BD3A95FA-A3DE-4B79-A889-A7E5ECA4B69C}
		{A643F7B5-DCC2-4D9D-A424-DABD357F9DCA} = {A643F7B5-DCC2-4D9D-A424-DABD357F9DCA}
		{B9332DC8-7594-47DF-80C1-38922E0F4DFB} = {B9332DC8-7594-47DF-80C1-38922E0F4DFB}
	EndProjectSection
EndProject
Global
	GlobalSection(SolutionConfigurationPlatforms) = preSolution
		Release|Win32 = Release|Win32
		VSDebug|Win32 = VSDebug|Win32
	EndGlobalSection
	GlobalSection(ProjectConfigurationPlatforms) = postSolution
		{727010D5-B76E-431D-9283-6141FEB68BD7}.Release|Win32.ActiveCfg = Release|Win32
		{727010D5-B76E-431D-9283-6141FEB68BD7}.Release|Win32.Build.0 = Release|Win32
		{727010D5-B76E-431D-9283-6141FEB68BD7}.VSDebug|Win32.ActiveCfg = VSDebug|Win32
		{727010D5-B76E-431D-9283-6141FEB68BD7}.VSDebug|Win32.Build.0 = VSDebug|Win32
		{D22B01DA-E92E-450F-ABD1-15277513D5CF}.Release|Win32.ActiveCfg = Release|Win32
		{D22B01DA-E92E-450F-ABD1-15277513D5CF}.Release|Win32.Build.0 = Release|Win32
		{D22B01DA-E92E-450F-ABD1-15277513D5CF}.VSDebug|Win32.ActiveCfg = VSDebug|Win32
		{D22B01DA-E92E-450F-ABD1-15277513D5CF}.VSDebug|Win32.Build.0 = VSDebug|Win32
		{CF93E173-67B5-40DF-A7D7-AEFAC4C3ADAB}.Release|Win32.ActiveCfg = Release|Win32
		{CF93E173-67B5-40DF-A7D7-AEFAC4C3ADAB}.Release|Win32.Build.0 = Release|Win32
		{CF93E173-67B5-40DF-A7D7-AEFAC4C3ADAB}.VSDebug|Win32.ActiveCfg = VSDebug|Win32
		{CF93E173-67B5-40DF-A7D7-AEFAC4C3ADAB}.VSDebug|Win32.Build.0 = VSDebug|Win32
		{3D788BD0-5658-47C1-BCFE-27E6D54204A9}.Release|Win32.ActiveCfg = Release|Win32
		{3D788BD0-5658-47C1-BCFE-27E6D54204A9}.Release|Win32.Build.0 = Release|Win32
		{3D788BD0-5658-47C1-BCFE-27E6D54204A9}.VSDebug|Win32.ActiveCfg = VSDebug|Win32
		{3D788BD0-5658-47C1-BCFE-27E6D54204A9}.VSDebug|Win32.Build.0 = VSDebug|Win32
		{628A618C-0676-4147-97C8-9B0D2E139402}.Release|Win32.ActiveCfg = Release|Win32
		{628A618C-0676-4147-97C8-9B0D2E139402}.Release|Win32.Build.0 = Release|Win32
		{628A618C-0676-4147-97C8-9B0D2E139402}.VSDebug|Win32.ActiveCfg = VSDebug|Win32
		{628A618C-0676-4147-97C8-9B0D2E139402}.VSDebug|Win32.Build.0 = VSDebug|Win32
		{EAD946E7-E740-4FFE-BAAA-70910816401C}.Release|Win32.ActiveCfg = Release|Win32
		{EAD946E7-E740-4FFE-BAAA-70910816401C}.Release|Win32.Build.0 = Release|Win32
		{EAD946E7-E740-4FFE-BAAA-70910816401C}.VSDebug|Win32.ActiveCfg = VSDebug|Win32
		{EAD946E7-E740-4FFE-BAAA-70910816401C}.VSDebug|Win32.Build.0 = VSDebug|Win32
		{C4249011-7905-4507-B391-27DED15CEB92}.Release|Win32.ActiveCfg = Release|Win32
		{C4249011-7905-4507-B391-27DED15CEB92}.Release|Win32.Build.0 = Release|Win32
		{C4249011-7905-4507-B391-27DED15CEB92}.VSDebug|Win32.ActiveCfg = VSDebug|Win32
		{C4249011-7905-4507-B391-27DED15CEB92}.VSDebug|Win32.Build.0 = VSDebug|Win32
		{9E02099F-A54D-4A2D-9E73-92234F60EC8D}.Release|Win32.ActiveCfg = Release|Win32
		{9E02099F-A54D-4A2D-9E73-92234F60EC8D}.Release|Win32.Build.0 = Release|Win32
		{9E02099F-A54D-4A2D-9E73-92234F60EC8D}.VSDebug|Win32.ActiveCfg = VSDebug|Win32
		{9E02099F-A54D-4A2D-9E73-92234F60EC8D}.VSDebug|Win32.Build.0 = VSDebug|Win32
		{8C0F2FED-FAE3-40AB-8203-7326C6B09AE4}.Release|Win32.ActiveCfg = Release|Win32
		{8C0F2FED-FAE3-40AB-8203-7326C6B09AE4}.Release|Win32.Build.0 = Release|Win32
		{8C0F2FED-FAE3-40AB-8203-7326C6B09AE4}.VSDebug|Win32.ActiveCfg = VSDebug|Win32
		{8C0F2FED-FAE3-40AB-8203-7326C6B09AE4}.VSDebug|Win32.Build.0 = VSDebug|Win32
		{5D14A80B-32AE-44F7-ABB2-BD4FDA81FB91}.Release|Win32.ActiveCfg = Release|Win32
		{5D14A80B-32AE-44F7-ABB2-BD4FDA81FB91}.Release|Win32.Build.0 = Release|Win32
		{5D14A80B-32AE-44F7-ABB2-BD4FDA81FB91}.VSDebug|Win32.ActiveCfg = VSDebug|Win32
		{5D14A80B-32AE-44F7-ABB2-BD4FDA81FB91}.VSDebug|Win32.Build.0 = VSDebug|Win32
		{F325A867-545C-4B6C-BB33-0BD696431DA4}.Release|Win32.ActiveCfg = Release|Win32
		{F325A867-545C-4B6C-BB33-0BD696431DA4}.Release|Win32.Build.0 = Release|Win32
		{F325A867-545C-4B6C-BB33-0BD696431DA4}.VSDebug|Win32.ActiveCfg = VSDebug|Win32
		{F325A867-545C-4B6C-BB33-0BD696431DA4}.VSDebug|Win32.Build.0 = VSDebug|Win32
		{A643F7B5-DCC2-4D9D-A424-DABD357F9DCA}.Release|Win32.ActiveCfg = Release|Win32
		{A643F7B5-DCC2-4D9D-A424-DABD357F9DCA}.Release|Win32.Build.0 = Release|Win32
		{A643F7B5-DCC2-4D9D-A424-DABD357F9DCA}.VSDebug|Win32.ActiveCfg = VSDebug|Win32
		{A643F7B5-DCC2-4D9D-A424-DABD357F9DCA}.VSDebug|Win32.Build.0 = VSDebug|Win32
		{8AFAA2C6-E025-4B45-B96F-A27D04C6115A}.Release|Win32.ActiveCfg = Release|Win32
		{8AFAA2C6-E025-4B45-B96F-A27D04C6115A}.Release|Win32.Build.0 = Release|Win32
		{8AFAA2C6-E025-4B45-B96F-A27D04C6115A}.VSDebug|Win32.ActiveCfg = VSDebug|Win32
		{8AFAA2C6-E025-4B45-B96F-A27D04C6115A}.VSDebug|Win32.Build.0 = VSDebug|Win32
		{BD3A95FA-A3DE-4B79-A889-A7E5ECA4B69C}.Release|Win32.ActiveCfg = Release|Win32
		{BD3A95FA-A3DE-4B79-A889-A7E5ECA4B69C}.Release|Win32.Build.0 = Release|Win32
		{BD3A95FA-A3DE-4B79-A889-A7E5ECA4B69C}.VSDebug|Win32.ActiveCfg = VSDebug|Win32
		{BD3A95FA-A3DE-4B79-A889-A7E5ECA4B69C}.VSDebug|Win32.Build.0 = VSDebug|Win32
		{5304AD69-D449-4589-B2C9-E4607E56A51D}.Release|Win32.ActiveCfg = Release|Win32
		{5304AD69-D449-4589-B2C9-E4607E56A51D}.Release|Win32.Build.0 = Release|Win32
		{5304AD69-D449-4589-B2C9-E4607E56A51D}.VSDebug|Win32.ActiveCfg = VSDebug|Win32
		{5304AD69-D449-4589-B2C9-E4607E56A51D}.VSDebug|Win32.Build.0 = VSDebug|Win32
		{B9332DC8-7594-47DF-80C1-38922E0F4DFB}.Release|Win32.ActiveCfg = Release|Win32
		{B9332DC8-7594-47DF-80C1-38922E0F4DFB}.Release|Win32.Build.0 = Release|Win32
		{B9332DC8-7594-47DF-80C1-38922E0F4DFB}.VSDebug|Win32.ActiveCfg = VSDebug|Win32
		{B9332DC8-7594-47DF-80C1-38922E0F4DFB}.VSDebug|Win32.Build.0 = VSDebug|Win32
		{C5D54B9E-4DF8-44FC-80BC-42CC25679614}.Release|Win32.ActiveCfg = Release|Win32
		{C5D54B9E-4DF8-44FC-80BC-42CC25679614}.Release|Win32.Build.0 = Release|Win32
		{C5D54B9E-4DF8-44FC-80BC-42CC25679614}.VSDebug|Win32.ActiveCfg = VSDebug|Win32
		{C5D54B9E-4DF8-44FC-80BC-42CC25679614}.VSDebug|Win32.Build.0 = VSDebug|Win32
	EndGlobalSection
	GlobalSection(SolutionProperties) = preSolution
		HideSolutionNode = FALSE
	EndGlobalSection
EndGlobal
