
Microsoft Visual Studio Solution File, Format Version 10.00
# Visual C++ Express 2008
Project("{8BC9CEB8-8B4A-11D0-8D11-00A0C91BC942}") = "fwnt_test_get_version", "fwnt_test_get_version\fwnt_test_get_version.vcproj", "{700B9907-8E83-43AF-9EDF-4CB4A9BBB663}"
	ProjectSection(ProjectDependencies) = postProject
		{A643F7B5-DCC2-4D9D-A424-DABD357F9DCA} = {A643F7B5-DCC2-4D9D-A424-DABD357F9DCA}
		{20FFC4C9-F44C-45F6-A827-4819B4DF3C9F} = {20FFC4C9-F44C-45F6-A827-4819B4DF3C9F}
	EndProjectSection
EndProject
Project("{8BC9CEB8-8B4A-11D0-8D11-00A0C91BC942}") = "fwnt_test_lznt1_decompress", "fwnt_test_lznt1_decompress\fwnt_test_lznt1_decompress.vcproj", "{01B92B09-63E1-453E-B11A-BBE533E41AA9}"
	ProjectSection(ProjectDependencies) = postProject
		{A643F7B5-DCC2-4D9D-A424-DABD357F9DCA} = {A643F7B5-DCC2-4D9D-A424-DABD357F9DCA}
		{99F9F064-0BF2-403E-A3CB-558DC9FC7E13} = {99F9F064-0BF2-403E-A3CB-558DC9FC7E13}
		{E94DBDCB-E9EA-4514-8E05-F75A025046BE} = {E94DBDCB-E9EA-4514-8E05-F75A025046BE}
		{5304AD69-D449-4589-B2C9-E4607E56A51D} = {5304AD69-D449-4589-B2C9-E4607E56A51D}
		{ED223E20-41EF-4E2B-BE32-400684E4E0C2} = {ED223E20-41EF-4E2B-BE32-400684E4E0C2}
		{BD3A95FA-A3DE-4B79-A889-A7E5ECA4B69C} = {BD3A95FA-A3DE-4B79-A889-A7E5ECA4B69C}
		{20FFC4C9-F44C-45F6-A827-4819B4DF3C9F} = {20FFC4C9-F44C-45F6-A827-4819B4DF3C9F}
	EndProjectSection
EndProject
Project("{8BC9CEB8-8B4A-11D0-8D11-00A0C91BC942}") = "fwnt_test_lzxpress_decompress", "fwnt_test_lzxpress_decompress\fwnt_test_lzxpress_decompress.vcproj", "{D0EA26D1-4AE9-4759-8B05-E8799660D63C}"
	ProjectSection(ProjectDependencies) = postProject
		{A643F7B5-DCC2-4D9D-A424-DABD357F9DCA} = {A643F7B5-DCC2-4D9D-A424-DABD357F9DCA}
		{99F9F064-0BF2-403E-A3CB-558DC9FC7E13} = {99F9F064-0BF2-403E-A3CB-558DC9FC7E13}
		{E94DBDCB-E9EA-4514-8E05-F75A025046BE} = {E94DBDCB-E9EA-4514-8E05-F75A025046BE}
		{5304AD69-D449-4589-B2C9-E4607E56A51D} = {5304AD69-D449-4589-B2C9-E4607E56A51D}
		{ED223E20-41EF-4E2B-BE32-400684E4E0C2} = {ED223E20-41EF-4E2B-BE32-400684E4E0C2}
		{BD3A95FA-A3DE-4B79-A889-A7E5ECA4B69C} = {BD3A95FA-A3DE-4B79-A889-A7E5ECA4B69C}
		{20FFC4C9-F44C-45F6-A827-4819B4DF3C9F} = {20FFC4C9-F44C-45F6-A827-4819B4DF3C9F}
	EndProjectSection
EndProject
Project("{8BC9CEB8-8B4A-11D0-8D11-00A0C91BC942}") = "fwnt_test_lzxpress_huffman_decompress", "fwnt_test_lzxpress_huffman_decompress\fwnt_test_lzxpress_huffman_decompress.vcproj", "{3CFD2D9A-64D4-4C9C-B95D-C6FCB3B184C0}"
	ProjectSection(ProjectDependencies) = postProject
		{A643F7B5-DCC2-4D9D-A424-DABD357F9DCA} = {A643F7B5-DCC2-4D9D-A424-DABD357F9DCA}
		{99F9F064-0BF2-403E-A3CB-558DC9FC7E13} = {99F9F064-0BF2-403E-A3CB-558DC9FC7E13}
		{E94DBDCB-E9EA-4514-8E05-F75A025046BE} = {E94DBDCB-E9EA-4514-8E05-F75A025046BE}
		{5304AD69-D449-4589-B2C9-E4607E56A51D} = {5304AD69-D449-4589-B2C9-E4607E56A51D}
		{ED223E20-41EF-4E2B-BE32-400684E4E0C2} = {ED223E20-41EF-4E2B-BE32-400684E4E0C2}
		{BD3A95FA-A3DE-4B79-A889-A7E5ECA4B69C} = {BD3A95FA-A3DE-4B79-A889-A7E5ECA4B69C}
		{20FFC4C9-F44C-45F6-A827-4819B4DF3C9F} = {20FFC4C9-F44C-45F6-A827-4819B4DF3C9F}
	EndProjectSection
EndProject
Project("{8BC9CEB8-8B4A-11D0-8D11-00A0C91BC942}") = "fwnt_test_security_identifier_copy_from", "fwnt_test_security_identifier_copy_from\fwnt_test_security_identifier_copy_from.vcproj", "{D5F3E82E-C1DD-4F74-91D6-6E81D5F72A4A}"
	ProjectSection(ProjectDependencies) = postProject
		{A643F7B5-DCC2-4D9D-A424-DABD357F9DCA} = {A643F7B5-DCC2-4D9D-A424-DABD357F9DCA}
		{BD3A95FA-A3DE-4B79-A889-A7E5ECA4B69C} = {BD3A95FA-A3DE-4B79-A889-A7E5ECA4B69C}
		{20FFC4C9-F44C-45F6-A827-4819B4DF3C9F} = {20FFC4C9-F44C-45F6-A827-4819B4DF3C9F}
	EndProjectSection
EndProject
Project("{8BC9CEB8-8B4A-11D0-8D11-00A0C91BC942}") = "fwnt_test_security_identifier_to_string", "fwnt_test_security_identifier_to_string\fwnt_test_security_identifier_to_string.vcproj", "{9A1EC29B-8646-497C-A680-0039BD1D5EEE}"
	ProjectSection(ProjectDependencies) = postProject
		{A643F7B5-DCC2-4D9D-A424-DABD357F9DCA} = {A643F7B5-DCC2-4D9D-A424-DABD357F9DCA}
		{BD3A95FA-A3DE-4B79-A889-A7E5ECA4B69C} = {BD3A95FA-A3DE-4B79-A889-A7E5ECA4B69C}
		{20FFC4C9-F44C-45F6-A827-4819B4DF3C9F} = {20FFC4C9-F44C-45F6-A827-4819B4DF3C9F}
	EndProjectSection
EndProject
Project("{8BC9CEB8-8B4A-11D0-8D11-00A0C91BC942}") = "libclocale", "libclocale\libclocale.vcproj", "{ED223E20-41EF-4E2B-BE32-400684E4E0C2}"
	ProjectSection(ProjectDependencies) = postProject
		{20FFC4C9-F44C-45F6-A827-4819B4DF3C9F} = {20FFC4C9-F44C-45F6-A827-4819B4DF3C9F}
		{BD3A95FA-A3DE-4B79-A889-A7E5ECA4B69C} = {BD3A95FA-A3DE-4B79-A889-A7E5ECA4B69C}
	EndProjectSection
EndProject
Project("{8BC9CEB8-8B4A-11D0-8D11-00A0C91BC942}") = "libcfile", "libcfile\libcfile.vcproj", "{99F9F064-0BF2-403E-A3CB-558DC9FC7E13}"
	ProjectSection(ProjectDependencies) = postProject
		{20FFC4C9-F44C-45F6-A827-4819B4DF3C9F} = {20FFC4C9-F44C-45F6-A827-4819B4DF3C9F}
		{BD3A95FA-A3DE-4B79-A889-A7E5ECA4B69C} = {BD3A95FA-A3DE-4B79-A889-A7E5ECA4B69C}
		{ED223E20-41EF-4E2B-BE32-400684E4E0C2} = {ED223E20-41EF-4E2B-BE32-400684E4E0C2}
		{5304AD69-D449-4589-B2C9-E4607E56A51D} = {5304AD69-D449-4589-B2C9-E4607E56A51D}
		{E94DBDCB-E9EA-4514-8E05-F75A025046BE} = {E94DBDCB-E9EA-4514-8E05-F75A025046BE}
	EndProjectSection
EndProject
Project("{8BC9CEB8-8B4A-11D0-8D11-00A0C91BC942}") = "libfwnt", "libfwnt\libfwnt.vcproj", "{A643F7B5-DCC2-4D9D-A424-DABD357F9DCA}"
	ProjectSection(ProjectDependencies) = postProject
		{20FFC4C9-F44C-45F6-A827-4819B4DF3C9F} = {20FFC4C9-F44C-45F6-A827-4819B4DF3C9F}
		{BD3A95FA-A3DE-4B79-A889-A7E5ECA4B69C} = {BD3A95FA-A3DE-4B79-A889-A7E5ECA4B69C}
		{8AFAA2C6-E025-4B45-B96F-A27D04C6115A} = {8AFAA2C6-E025-4B45-B96F-A27D04C6115A}
		{B9332DC8-7594-47DF-80C1-38922E0F4DFB} = {B9332DC8-7594-47DF-80C1-38922E0F4DFB}
		{5304AD69-D449-4589-B2C9-E4607E56A51D} = {5304AD69-D449-4589-B2C9-E4607E56A51D}
	EndProjectSection
EndProject
Project("{8BC9CEB8-8B4A-11D0-8D11-00A0C91BC942}") = "libcthreads", "libcthreads\libcthreads.vcproj", "{8AFAA2C6-E025-4B45-B96F-A27D04C6115A}"
	ProjectSection(ProjectDependencies) = postProject
		{20FFC4C9-F44C-45F6-A827-4819B4DF3C9F} = {20FFC4C9-F44C-45F6-A827-4819B4DF3C9F}
		{BD3A95FA-A3DE-4B79-A889-A7E5ECA4B69C} = {BD3A95FA-A3DE-4B79-A889-A7E5ECA4B69C}
	EndProjectSection
EndProject
Project("{8BC9CEB8-8B4A-11D0-8D11-00A0C91BC942}") = "libcstring", "libcstring\libcstring.vcproj", "{20FFC4C9-F44C-45F6-A827-4819B4DF3C9F}"
EndProject
Project("{8BC9CEB8-8B4A-11D0-8D11-00A0C91BC942}") = "libuna", "libuna\libuna.vcproj", "{E94DBDCB-E9EA-4514-8E05-F75A025046BE}"
	ProjectSection(ProjectDependencies) = postProject
		{20FFC4C9-F44C-45F6-A827-4819B4DF3C9F} = {20FFC4C9-F44C-45F6-A827-4819B4DF3C9F}
		{BD3A95FA-A3DE-4B79-A889-A7E5ECA4B69C} = {BD3A95FA-A3DE-4B79-A889-A7E5ECA4B69C}
	EndProjectSection
EndProject
Project("{8BC9CEB8-8B4A-11D0-8D11-00A0C91BC942}") = "libcerror", "libcerror\libcerror.vcproj", "{BD3A95FA-A3DE-4B79-A889-A7E5ECA4B69C}"
	ProjectSection(ProjectDependencies) = postProject
		{20FFC4C9-F44C-45F6-A827-4819B4DF3C9F} = {20FFC4C9-F44C-45F6-A827-4819B4DF3C9F}
	EndProjectSection
EndProject
Project("{8BC9CEB8-8B4A-11D0-8D11-00A0C91BC942}") = "libcnotify", "libcnotify\libcnotify.vcproj", "{5304AD69-D449-4589-B2C9-E4607E56A51D}"
	ProjectSection(ProjectDependencies) = postProject
		{20FFC4C9-F44C-45F6-A827-4819B4DF3C9F} = {20FFC4C9-F44C-45F6-A827-4819B4DF3C9F}
		{BD3A95FA-A3DE-4B79-A889-A7E5ECA4B69C} = {BD3A95FA-A3DE-4B79-A889-A7E5ECA4B69C}
	EndProjectSection
EndProject
Project("{8BC9CEB8-8B4A-11D0-8D11-00A0C91BC942}") = "libcdata", "libcdata\libcdata.vcproj", "{B9332DC8-7594-47DF-80C1-38922E0F4DFB}"
	ProjectSection(ProjectDependencies) = postProject
		{20FFC4C9-F44C-45F6-A827-4819B4DF3C9F} = {20FFC4C9-F44C-45F6-A827-4819B4DF3C9F}
		{BD3A95FA-A3DE-4B79-A889-A7E5ECA4B69C} = {BD3A95FA-A3DE-4B79-A889-A7E5ECA4B69C}
		{8AFAA2C6-E025-4B45-B96F-A27D04C6115A} = {8AFAA2C6-E025-4B45-B96F-A27D04C6115A}
	EndProjectSection
EndProject
Project("{8BC9CEB8-8B4A-11D0-8D11-00A0C91BC942}") = "pyfwnt", "pyfwnt\pyfwnt.vcproj", "{C5D54B9E-4DF8-44FC-80BC-42CC25679614}"
	ProjectSection(ProjectDependencies) = postProject
		{20FFC4C9-F44C-45F6-A827-4819B4DF3C9F} = {20FFC4C9-F44C-45F6-A827-4819B4DF3C9F}
		{BD3A95FA-A3DE-4B79-A889-A7E5ECA4B69C} = {BD3A95FA-A3DE-4B79-A889-A7E5ECA4B69C}
		{A643F7B5-DCC2-4D9D-A424-DABD357F9DCA} = {A643F7B5-DCC2-4D9D-A424-DABD357F9DCA}
		{B9332DC8-7594-47DF-80C1-38922E0F4DFB} = {B9332DC8-7594-47DF-80C1-38922E0F4DFB}
	EndProjectSection
EndProject
Global
	GlobalSection(SolutionConfigurationPlatforms) = preSolution
		Release|Win32 = Release|Win32
		VSDebug|Win32 = VSDebug|Win32
	EndGlobalSection
	GlobalSection(ProjectConfigurationPlatforms) = postSolution
		{700B9907-8E83-43AF-9EDF-4CB4A9BBB663}.Release|Win32.ActiveCfg = Release|Win32
		{700B9907-8E83-43AF-9EDF-4CB4A9BBB663}.Release|Win32.Build.0 = Release|Win32
		{700B9907-8E83-43AF-9EDF-4CB4A9BBB663}.VSDebug|Win32.ActiveCfg = VSDebug|Win32
		{700B9907-8E83-43AF-9EDF-4CB4A9BBB663}.VSDebug|Win32.Build.0 = VSDebug|Win32
		{01B92B09-63E1-453E-B11A-BBE533E41AA9}.Release|Win32.ActiveCfg = Release|Win32
		{01B92B09-63E1-453E-B11A-BBE533E41AA9}.Release|Win32.Build.0 = Release|Win32
		{01B92B09-63E1-453E-B11A-BBE533E41AA9}.VSDebug|Win32.ActiveCfg = VSDebug|Win32
		{01B92B09-63E1-453E-B11A-BBE533E41AA9}.VSDebug|Win32.Build.0 = VSDebug|Win32
		{D0EA26D1-4AE9-4759-8B05-E8799660D63C}.Release|Win32.ActiveCfg = Release|Win32
		{D0EA26D1-4AE9-4759-8B05-E8799660D63C}.Release|Win32.Build.0 = Release|Win32
		{D0EA26D1-4AE9-4759-8B05-E8799660D63C}.VSDebug|Win32.ActiveCfg = VSDebug|Win32
		{D0EA26D1-4AE9-4759-8B05-E8799660D63C}.VSDebug|Win32.Build.0 = VSDebug|Win32
		{3CFD2D9A-64D4-4C9C-B95D-C6FCB3B184C0}.Release|Win32.ActiveCfg = Release|Win32
		{3CFD2D9A-64D4-4C9C-B95D-C6FCB3B184C0}.Release|Win32.Build.0 = Release|Win32
		{3CFD2D9A-64D4-4C9C-B95D-C6FCB3B184C0}.VSDebug|Win32.ActiveCfg = VSDebug|Win32
		{3CFD2D9A-64D4-4C9C-B95D-C6FCB3B184C0}.VSDebug|Win32.Build.0 = VSDebug|Win32
		{D5F3E82E-C1DD-4F74-91D6-6E81D5F72A4A}.Release|Win32.ActiveCfg = Release|Win32
		{D5F3E82E-C1DD-4F74-91D6-6E81D5F72A4A}.Release|Win32.Build.0 = Release|Win32
		{D5F3E82E-C1DD-4F74-91D6-6E81D5F72A4A}.VSDebug|Win32.ActiveCfg = VSDebug|Win32
		{D5F3E82E-C1DD-4F74-91D6-6E81D5F72A4A}.VSDebug|Win32.Build.0 = VSDebug|Win32
		{9A1EC29B-8646-497C-A680-0039BD1D5EEE}.Release|Win32.ActiveCfg = Release|Win32
		{9A1EC29B-8646-497C-A680-0039BD1D5EEE}.Release|Win32.Build.0 = Release|Win32
		{9A1EC29B-8646-497C-A680-0039BD1D5EEE}.VSDebug|Win32.ActiveCfg = VSDebug|Win32
		{9A1EC29B-8646-497C-A680-0039BD1D5EEE}.VSDebug|Win32.Build.0 = VSDebug|Win32
		{ED223E20-41EF-4E2B-BE32-400684E4E0C2}.Release|Win32.ActiveCfg = Release|Win32
		{ED223E20-41EF-4E2B-BE32-400684E4E0C2}.Release|Win32.Build.0 = Release|Win32
		{ED223E20-41EF-4E2B-BE32-400684E4E0C2}.VSDebug|Win32.ActiveCfg = VSDebug|Win32
		{ED223E20-41EF-4E2B-BE32-400684E4E0C2}.VSDebug|Win32.Build.0 = VSDebug|Win32
		{99F9F064-0BF2-403E-A3CB-558DC9FC7E13}.Release|Win32.ActiveCfg = Release|Win32
		{99F9F064-0BF2-403E-A3CB-558DC9FC7E13}.Release|Win32.Build.0 = Release|Win32
		{99F9F064-0BF2-403E-A3CB-558DC9FC7E13}.VSDebug|Win32.ActiveCfg = VSDebug|Win32
		{99F9F064-0BF2-403E-A3CB-558DC9FC7E13}.VSDebug|Win32.Build.0 = VSDebug|Win32
		{A643F7B5-DCC2-4D9D-A424-DABD357F9DCA}.Release|Win32.ActiveCfg = Release|Win32
		{A643F7B5-DCC2-4D9D-A424-DABD357F9DCA}.Release|Win32.Build.0 = Release|Win32
		{A643F7B5-DCC2-4D9D-A424-DABD357F9DCA}.VSDebug|Win32.ActiveCfg = VSDebug|Win32
		{A643F7B5-DCC2-4D9D-A424-DABD357F9DCA}.VSDebug|Win32.Build.0 = VSDebug|Win32
		{8AFAA2C6-E025-4B45-B96F-A27D04C6115A}.Release|Win32.ActiveCfg = Release|Win32
		{8AFAA2C6-E025-4B45-B96F-A27D04C6115A}.Release|Win32.Build.0 = Release|Win32
		{8AFAA2C6-E025-4B45-B96F-A27D04C6115A}.VSDebug|Win32.ActiveCfg = VSDebug|Win32
		{8AFAA2C6-E025-4B45-B96F-A27D04C6115A}.VSDebug|Win32.Build.0 = VSDebug|Win32
		{20FFC4C9-F44C-45F6-A827-4819B4DF3C9F}.Release|Win32.ActiveCfg = Release|Win32
		{20FFC4C9-F44C-45F6-A827-4819B4DF3C9F}.Release|Win32.Build.0 = Release|Win32
		{20FFC4C9-F44C-45F6-A827-4819B4DF3C9F}.VSDebug|Win32.ActiveCfg = VSDebug|Win32
		{20FFC4C9-F44C-45F6-A827-4819B4DF3C9F}.VSDebug|Win32.Build.0 = VSDebug|Win32
		{E94DBDCB-E9EA-4514-8E05-F75A025046BE}.Release|Win32.ActiveCfg = Release|Win32
		{E94DBDCB-E9EA-4514-8E05-F75A025046BE}.Release|Win32.Build.0 = Release|Win32
		{E94DBDCB-E9EA-4514-8E05-F75A025046BE}.VSDebug|Win32.ActiveCfg = VSDebug|Win32
		{E94DBDCB-E9EA-4514-8E05-F75A025046BE}.VSDebug|Win32.Build.0 = VSDebug|Win32
		{BD3A95FA-A3DE-4B79-A889-A7E5ECA4B69C}.Release|Win32.ActiveCfg = Release|Win32
		{BD3A95FA-A3DE-4B79-A889-A7E5ECA4B69C}.Release|Win32.Build.0 = Release|Win32
		{BD3A95FA-A3DE-4B79-A889-A7E5ECA4B69C}.VSDebug|Win32.ActiveCfg = VSDebug|Win32
		{BD3A95FA-A3DE-4B79-A889-A7E5ECA4B69C}.VSDebug|Win32.Build.0 = VSDebug|Win32
		{5304AD69-D449-4589-B2C9-E4607E56A51D}.Release|Win32.ActiveCfg = Release|Win32
		{5304AD69-D449-4589-B2C9-E4607E56A51D}.Release|Win32.Build.0 = Release|Win32
		{5304AD69-D449-4589-B2C9-E4607E56A51D}.VSDebug|Win32.ActiveCfg = VSDebug|Win32
		{5304AD69-D449-4589-B2C9-E4607E56A51D}.VSDebug|Win32.Build.0 = VSDebug|Win32
		{B9332DC8-7594-47DF-80C1-38922E0F4DFB}.Release|Win32.ActiveCfg = Release|Win32
		{B9332DC8-7594-47DF-80C1-38922E0F4DFB}.Release|Win32.Build.0 = Release|Win32
		{B9332DC8-7594-47DF-80C1-38922E0F4DFB}.VSDebug|Win32.ActiveCfg = VSDebug|Win32
		{B9332DC8-7594-47DF-80C1-38922E0F4DFB}.VSDebug|Win32.Build.0 = VSDebug|Win32
		{C5D54B9E-4DF8-44FC-80BC-42CC25679614}.Release|Win32.ActiveCfg = Release|Win32
		{C5D54B9E-4DF8-44FC-80BC-42CC25679614}.Release|Win32.Build.0 = Release|Win32
		{C5D54B9E-4DF8-44FC-80BC-42CC25679614}.VSDebug|Win32.ActiveCfg = VSDebug|Win32
		{C5D54B9E-4DF8-44FC-80BC-42CC25679614}.VSDebug|Win32.Build.0 = VSDebug|Win32
	EndGlobalSection
	GlobalSection(SolutionProperties) = preSolution
		HideSolutionNode = FALSE
	EndGlobalSection
EndGlobal
